# This file is automatically @generated by Cargo.
# It is not intended for manual editing.
version = 3

[[package]]
name = "diff"
version = "0.1.13"
source = "registry+https://github.com/rust-lang/crates.io-index"
checksum = "56254986775e3233ffa9c4d7d3faaf6d36a2c09d30b20687e9f88bc8bafc16c8"

[[package]]
name = "entrait"
version = "0.7.0"
source = "registry+https://github.com/rust-lang/crates.io-index"
checksum = "35eab39704ad75b0f92ad5f317e310b8b637979351396867ab54fd48b87d1b8f"
dependencies = [
 "entrait_macros",
 "implementation",
 "unimock",
]

[[package]]
name = "entrait-private-type"
version = "0.1.0"
dependencies = [
 "entrait",
 "unimock",
]

[[package]]
name = "entrait_macros"
version = "0.7.0"
source = "registry+https://github.com/rust-lang/crates.io-index"
checksum = "c84b20c5ce108353544e72ae792154cb4ba8bb0b11337c7df2baef5352d26f39"
dependencies = [
 "proc-macro2",
 "quote",
 "syn",
]

[[package]]
name = "higher-kinded-types"
version = "0.1.1"
source = "registry+https://github.com/rust-lang/crates.io-index"
checksum = "561985554c8b8d4808605c90a5f1979cc6c31a5d20b78465cd59501233c6678e"
dependencies = [
 "never-say-never",
]

[[package]]
name = "implementation"
version = "0.1.4"
source = "registry+https://github.com/rust-lang/crates.io-index"
checksum = "fa685d104e2f8902c5e3e63d74184690758211fb163ea6f1e5324960966fa09b"

[[package]]
name = "never-say-never"
version = "6.6.666"
source = "registry+https://github.com/rust-lang/crates.io-index"
checksum = "cf5a574dadd7941adeaa71823ecba5e28331b8313fb2e1c6a5c7e5981ea53ad6"

[[package]]
name = "once_cell"
version = "1.19.0"
source = "registry+https://github.com/rust-lang/crates.io-index"
checksum = "3fdb12b2476b595f9358c5161aa467c2438859caa136dec86c26fdd2efe17b92"

[[package]]
name = "polonius-the-crab"
version = "0.4.1"
source = "registry+https://github.com/rust-lang/crates.io-index"
checksum = "96d9b0ba45e2c294fcd0795bc51e45c12746758e9954bb1190f97603ec9a3e91"
dependencies = [
 "higher-kinded-types",
 "never-say-never",
]

[[package]]
name = "pretty_assertions"
version = "1.4.0"
source = "registry+https://github.com/rust-lang/crates.io-index"
checksum = "af7cee1a6c8a5b9208b3cb1061f10c0cb689087b3d8ce85fb9d2dd7a29b6ba66"
dependencies = [
 "diff",
 "yansi",
]

[[package]]
name = "proc-macro2"
version = "1.0.86"
source = "registry+https://github.com/rust-lang/crates.io-index"
checksum = "5e719e8df665df0d1c8fbfd238015744736151d4445ec0836b8e628aae103b77"
dependencies = [
 "unicode-ident",
]

[[package]]
name = "quote"
version = "1.0.36"
source = "registry+https://github.com/rust-lang/crates.io-index"
checksum = "0fa76aaf39101c457836aec0ce2316dbdc3ab723cdda1c6bd4e6ad4208acaca7"
dependencies = [
 "proc-macro2",
]

[[package]]
name = "syn"
version = "2.0.72"
source = "registry+https://github.com/rust-lang/crates.io-index"
checksum = "dc4b9b9bf2add8093d3f2c0204471e951b2285580335de42f9d2534f3ae7a8af"
dependencies = [
 "proc-macro2",
 "quote",
 "unicode-ident",
]

[[package]]
name = "unicode-ident"
version = "1.0.12"
source = "registry+https://github.com/rust-lang/crates.io-index"
checksum = "3354b9ac3fae1ff6755cb6db53683adb661634f67557942dea4facebec0fee4b"

[[package]]
name = "unimock"
version = "0.6.6"
source = "registry+https://github.com/rust-lang/crates.io-index"
checksum = "c6a3e129066a8a86333b3a05d4ad1c91c0975341adf4c92c2638c6ae23f72a47"
dependencies = [
 "once_cell",
 "polonius-the-crab",
 "pretty_assertions",
 "unimock_macros",
]

[[package]]
name = "unimock_macros"
version = "0.6.6"
source = "registry+https://github.com/rust-lang/crates.io-index"
checksum = "a02e1dedcc86966e739254a043c9b65fe58697b40da01c6da438b681e11acf9a"
dependencies = [
 "proc-macro2",
 "quote",
 "syn",
]

[[package]]
name = "yansi"
version = "0.5.1"
source = "registry+https://github.com/rust-lang/crates.io-index"
checksum = "09041cd90cf85f7f8b2df60c646f853b7f535ce68f85244eb6731cf89fa498ec"
